// !$*UTF8*$!
{
	archiveVersion = 1;
	classes = {
	};
	objectVersion = 56;
	objects = {

/* Begin PBXBuildFile section */
		C968CCB2294441B90038BE5D /* AppDelegate.swift in Sources */ = {isa = PBXBuildFile; fileRef = C968CCB1294441B90038BE5D /* AppDelegate.swift */; };
		C968CCB4294441B90038BE5D /* SceneDelegate.swift in Sources */ = {isa = PBXBuildFile; fileRef = C968CCB3294441B90038BE5D /* SceneDelegate.swift */; };
		C968CCB6294441B90038BE5D /* ViewController.swift in Sources */ = {isa = PBXBuildFile; fileRef = C968CCB5294441B90038BE5D /* ViewController.swift */; };
		C968CCB9294441B90038BE5D /* Main.storyboard in Resources */ = {isa = PBXBuildFile; fileRef = C968CCB7294441B90038BE5D /* Main.storyboard */; };
		C968CCBB294441BA0038BE5D /* Assets.xcassets in Resources */ = {isa = PBXBuildFile; fileRef = C968CCBA294441BA0038BE5D /* Assets.xcassets */; };
		C968CCBE294441BA0038BE5D /* LaunchScreen.storyboard in Resources */ = {isa = PBXBuildFile; fileRef = C968CCBC294441BA0038BE5D /* LaunchScreen.storyboard */; };
		C968CCC9294441BA0038BE5D /* ayush123Tests.swift in Sources */ = {isa = PBXBuildFile; fileRef = C968CCC8294441BA0038BE5D /* ayush123Tests.swift */; };
		C968CCD3294441BA0038BE5D /* ayush123UITests.swift in Sources */ = {isa = PBXBuildFile; fileRef = C968CCD2294441BA0038BE5D /* ayush123UITests.swift */; };
		C968CCD5294441BA0038BE5D /* ayush123UITestsLaunchTests.swift in Sources */ = {isa = PBXBuildFile; fileRef = C968CCD4294441BA0038BE5D /* ayush123UITestsLaunchTests.swift */; };
/* End PBXBuildFile section */

/* Begin PBXContainerItemProxy section */
		C968CCC5294441BA0038BE5D /* PBXContainerItemProxy */ = {
			isa = PBXContainerItemProxy;
			containerPortal = C968CCA6294441B90038BE5D /* Project object */;
			proxyType = 1;
			remoteGlobalIDString = C968CCAD294441B90038BE5D;
			remoteInfo = ayush123;
		};
		C968CCCF294441BA0038BE5D /* PBXContainerItemProxy */ = {
			isa = PBXContainerItemProxy;
			containerPortal = C968CCA6294441B90038BE5D /* Project object */;
			proxyType = 1;
			remoteGlobalIDString = C968CCAD294441B90038BE5D;
			remoteInfo = ayush123;
		};
/* End PBXContainerItemProxy section */

/* Begin PBXFileReference section */
		C968CCAE294441B90038BE5D /* ayush123.app */ = {isa = PBXFileReference; explicitFileType = wrapper.application; includeInIndex = 0; path = ayush123.app; sourceTree = BUILT_PRODUCTS_DIR; };
		C968CCB1294441B90038BE5D /* AppDelegate.swift */ = {isa = PBXFileReference; lastKnownFileType = sourcecode.swift; path = AppDelegate.swift; sourceTree = "<group>"; };
		C968CCB3294441B90038BE5D /* SceneDelegate.swift */ = {isa = PBXFileReference; lastKnownFileType = sourcecode.swift; path = SceneDelegate.swift; sourceTree = "<group>"; };
		C968CCB5294441B90038BE5D /* ViewController.swift */ = {isa = PBXFileReference; lastKnownFileType = sourcecode.swift; path = ViewController.swift; sourceTree = "<group>"; };
		C968CCB8294441B90038BE5D /* Base */ = {isa = PBXFileReference; lastKnownFileType = file.storyboard; name = Base; path = Base.lproj/Main.storyboard; sourceTree = "<group>"; };
		C968CCBA294441BA0038BE5D /* Assets.xcassets */ = {isa = PBXFileReference; lastKnownFileType = folder.assetcatalog; path = Assets.xcassets; sourceTree = "<group>"; };
		C968CCBD294441BA0038BE5D /* Base */ = {isa = PBXFileReference; lastKnownFileType = file.storyboard; name = Base; path = Base.lproj/LaunchScreen.storyboard; sourceTree = "<group>"; };
		C968CCBF294441BA0038BE5D /* Info.plist */ = {isa = PBXFileReference; lastKnownFileType = text.plist.xml; path = Info.plist; sourceTree = "<group>"; };
		C968CCC4294441BA0038BE5D /* ayush123Tests.xctest */ = {isa = PBXFileReference; explicitFileType = wrapper.cfbundle; includeInIndex = 0; path = ayush123Tests.xctest; sourceTree = BUILT_PRODUCTS_DIR; };
		C968CCC8294441BA0038BE5D /* ayush123Tests.swift */ = {isa = PBXFileReference; lastKnownFileType = sourcecode.swift; path = ayush123Tests.swift; sourceTree = "<group>"; };
		C968CCCE294441BA0038BE5D /* ayush123UITests.xctest */ = {isa = PBXFileReference; explicitFileType = wrapper.cfbundle; includeInIndex = 0; path = ayush123UITests.xctest; sourceTree = BUILT_PRODUCTS_DIR; };
		C968CCD2294441BA0038BE5D /* ayush123UITests.swift */ = {isa = PBXFileReference; lastKnownFileType = sourcecode.swift; path = ayush123UITests.swift; sourceTree = "<group>"; };
		C968CCD4294441BA0038BE5D /* ayush123UITestsLaunchTests.swift */ = {isa = PBXFileReference; lastKnownFileType = sourcecode.swift; path = ayush123UITestsLaunchTests.swift; sourceTree = "<group>"; };
/* End PBXFileReference section */

/* Begin PBXFrameworksBuildPhase section */
		C968CCAB294441B90038BE5D /* Frameworks */ = {
			isa = PBXFrameworksBuildPhase;
			buildActionMask = 2147483647;
			files = (
			);
			runOnlyForDeploymentPostprocessing = 0;
		};
		C968CCC1294441BA0038BE5D /* Frameworks */ = {
			isa = PBXFrameworksBuildPhase;
			buildActionMask = 2147483647;
			files = (
			);
			runOnlyForDeploymentPostprocessing = 0;
		};
		C968CCCB294441BA0038BE5D /* Frameworks */ = {
			isa = PBXFrameworksBuildPhase;
			buildActionMask = 2147483647;
			files = (
			);
			runOnlyForDeploymentPostprocessing = 0;
		};
/* End PBXFrameworksBuildPhase section */

/* Begin PBXGroup section */
		C968CCA5294441B90038BE5D = {
			isa = PBXGroup;
			children = (
				C968CCB0294441B90038BE5D /* ayush123 */,
				C968CCC7294441BA0038BE5D /* ayush123Tests */,
				C968CCD1294441BA0038BE5D /* ayush123UITests */,
				C968CCAF294441B90038BE5D /* Products */,
			);
			sourceTree = "<group>";
		};
		C968CCAF294441B90038BE5D /* Products */ = {
			isa = PBXGroup;
			children = (
				C968CCAE294441B90038BE5D /* ayush123.app */,
				C968CCC4294441BA0038BE5D /* ayush123Tests.xctest */,
				C968CCCE294441BA0038BE5D /* ayush123UITests.xctest */,
			);
			name = Products;
			sourceTree = "<group>";
		};
		C968CCB0294441B90038BE5D /* ayush123 */ = {
			isa = PBXGroup;
			children = (
				C968CCB1294441B90038BE5D /* AppDelegate.swift */,
				C968CCB3294441B90038BE5D /* SceneDelegate.swift */,
				C968CCB5294441B90038BE5D /* ViewController.swift */,
				C968CCB7294441B90038BE5D /* Main.storyboard */,
				C968CCBA294441BA0038BE5D /* Assets.xcassets */,
				C968CCBC294441BA0038BE5D /* LaunchScreen.storyboard */,
				C968CCBF294441BA0038BE5D /* Info.plist */,
			);
			path = ayush123;
			sourceTree = "<group>";
		};
		C968CCC7294441BA0038BE5D /* ayush123Tests */ = {
			isa = PBXGroup;
			children = (
				C968CCC8294441BA0038BE5D /* ayush123Tests.swift */,
			);
			path = ayush123Tests;
			sourceTree = "<group>";
		};
		C968CCD1294441BA0038BE5D /* ayush123UITests */ = {
			isa = PBXGroup;
			children = (
				C968CCD2294441BA0038BE5D /* ayush123UITests.swift */,
				C968CCD4294441BA0038BE5D /* ayush123UITestsLaunchTests.swift */,
			);
			path = ayush123UITests;
			sourceTree = "<group>";
		};
/* End PBXGroup section */

/* Begin PBXNativeTarget section */
		C968CCAD294441B90038BE5D /* ayush123 */ = {
			isa = PBXNativeTarget;
			buildConfigurationList = C968CCD8294441BA0038BE5D /* Build configuration list for PBXNativeTarget "ayush123" */;
			buildPhases = (
				C968CCAA294441B90038BE5D /* Sources */,
				C968CCAB294441B90038BE5D /* Frameworks */,
				C968CCAC294441B90038BE5D /* Resources */,
			);
			buildRules = (
			);
			dependencies = (
			);
			name = ayush123;
			productName = ayush123;
			productReference = C968CCAE294441B90038BE5D /* ayush123.app */;
			productType = "com.apple.product-type.application";
		};
		C968CCC3294441BA0038BE5D /* ayush123Tests */ = {
			isa = PBXNativeTarget;
			buildConfigurationList = C968CCDB294441BA0038BE5D /* Build configuration list for PBXNativeTarget "ayush123Tests" */;
			buildPhases = (
				C968CCC0294441BA0038BE5D /* Sources */,
				C968CCC1294441BA0038BE5D /* Frameworks */,
				C968CCC2294441BA0038BE5D /* Resources */,
			);
			buildRules = (
			);
			dependencies = (
				C968CCC6294441BA0038BE5D /* PBXTargetDependency */,
			);
			name = ayush123Tests;
			productName = ayush123Tests;
			productReference = C968CCC4294441BA0038BE5D /* ayush123Tests.xctest */;
			productType = "com.apple.product-type.bundle.unit-test";
		};
		C968CCCD294441BA0038BE5D /* ayush123UITests */ = {
			isa = PBXNativeTarget;
			buildConfigurationList = C968CCDE294441BA0038BE5D /* Build configuration list for PBXNativeTarget "ayush123UITests" */;
			buildPhases = (
				C968CCCA294441BA0038BE5D /* Sources */,
				C968CCCB294441BA0038BE5D /* Frameworks */,
				C968CCCC294441BA0038BE5D /* Resources */,
			);
			buildRules = (
			);
			dependencies = (
				C968CCD0294441BA0038BE5D /* PBXTargetDependency */,
			);
			name = ayush123UITests;
			productName = ayush123UITests;
			productReference = C968CCCE294441BA0038BE5D /* ayush123UITests.xctest */;
			productType = "com.apple.product-type.bundle.ui-testing";
		};
/* End PBXNativeTarget section */

/* Begin PBXProject section */
		C968CCA6294441B90038BE5D /* Project object */ = {
			isa = PBXProject;
			attributes = {
				BuildIndependentTargetsInParallel = 1;
				LastSwiftUpdateCheck = 1410;
				LastUpgradeCheck = 1410;
				TargetAttributes = {
					C968CCAD294441B90038BE5D = {
						CreatedOnToolsVersion = 14.1;
					};
					C968CCC3294441BA0038BE5D = {
						CreatedOnToolsVersion = 14.1;
						TestTargetID = C968CCAD294441B90038BE5D;
					};
					C968CCCD294441BA0038BE5D = {
						CreatedOnToolsVersion = 14.1;
						TestTargetID = C968CCAD294441B90038BE5D;
					};
				};
			};
			buildConfigurationList = C968CCA9294441B90038BE5D /* Build configuration list for PBXProject "ayush123" */;
			compatibilityVersion = "Xcode 14.0";
			developmentRegion = en;
			hasScannedForEncodings = 0;
			knownRegions = (
				en,
				Base,
			);
			mainGroup = C968CCA5294441B90038BE5D;
			productRefGroup = C968CCAF294441B90038BE5D /* Products */;
			projectDirPath = "";
			projectRoot = "";
			targets = (
				C968CCAD294441B90038BE5D /* ayush123 */,
				C968CCC3294441BA0038BE5D /* ayush123Tests */,
				C968CCCD294441BA0038BE5D /* ayush123UITests */,
			);
		};
/* End PBXProject section */

/* Begin PBXResourcesBuildPhase section */
		C968CCAC294441B90038BE5D /* Resources */ = {
			isa = PBXResourcesBuildPhase;
			buildActionMask = 2147483647;
			files = (
				C968CCBE294441BA0038BE5D /* LaunchScreen.storyboard in Resources */,
				C968CCBB294441BA0038BE5D /* Assets.xcassets in Resources */,
				C968CCB9294441B90038BE5D /* Main.storyboard in Resources */,
			);
			runOnlyForDeploymentPostprocessing = 0;
		};
		C968CCC2294441BA0038BE5D /* Resources */ = {
			isa = PBXResourcesBuildPhase;
			buildActionMask = 2147483647;
			files = (
			);
			runOnlyForDeploymentPostprocessing = 0;
		};
		C968CCCC294441BA0038BE5D /* Resources */ = {
			isa = PBXResourcesBuildPhase;
			buildActionMask = 2147483647;
			files = (
			);
			runOnlyForDeploymentPostprocessing = 0;
		};
/* End PBXResourcesBuildPhase section */

/* Begin PBXSourcesBuildPhase section */
		C968CCAA294441B90038BE5D /* Sources */ = {
			isa = PBXSourcesBuildPhase;
			buildActionMask = 2147483647;
			files = (
				C968CCB6294441B90038BE5D /* ViewController.swift in Sources */,
				C968CCB2294441B90038BE5D /* AppDelegate.swift in Sources */,
				C968CCB4294441B90038BE5D /* SceneDelegate.swift in Sources */,
			);
			runOnlyForDeploymentPostprocessing = 0;
		};
		C968CCC0294441BA0038BE5D /* Sources */ = {
			isa = PBXSourcesBuildPhase;
			buildActionMask = 2147483647;
			files = (
				C968CCC9294441BA0038BE5D /* ayush123Tests.swift in Sources */,
			);
			runOnlyForDeploymentPostprocessing = 0;
		};
		C968CCCA294441BA0038BE5D /* Sources */ = {
			isa = PBXSourcesBuildPhase;
			buildActionMask = 2147483647;
			files = (
				C968CCD5294441BA0038BE5D /* ayush123UITestsLaunchTests.swift in Sources */,
				C968CCD3294441BA0038BE5D /* ayush123UITests.swift in Sources */,
			);
			runOnlyForDeploymentPostprocessing = 0;
		};
/* End PBXSourcesBuildPhase section */

/* Begin PBXTargetDependency section */
		C968CCC6294441BA0038BE5D /* PBXTargetDependency */ = {
			isa = PBXTargetDependency;
			target = C968CCAD294441B90038BE5D /* ayush123 */;
			targetProxy = C968CCC5294441BA0038BE5D /* PBXContainerItemProxy */;
		};
		C968CCD0294441BA0038BE5D /* PBXTargetDependency */ = {
			isa = PBXTargetDependency;
			target = C968CCAD294441B90038BE5D /* ayush123 */;
			targetProxy = C968CCCF294441BA0038BE5D /* PBXContainerItemProxy */;
		};
/* End PBXTargetDependency section */

/* Begin PBXVariantGroup section */
		C968CCB7294441B90038BE5D /* Main.storyboard */ = {
			isa = PBXVariantGroup;
			children = (
				C968CCB8294441B90038BE5D /* Base */,
			);
			name = Main.storyboard;
			sourceTree = "<group>";
		};
		C968CCBC294441BA0038BE5D /* LaunchScreen.storyboard */ = {
			isa = PBXVariantGroup;
			children = (
				C968CCBD294441BA0038BE5D /* Base */,
			);
			name = LaunchScreen.storyboard;
			sourceTree = "<group>";
		};
/* End PBXVariantGroup section */

/* Begin XCBuildConfiguration section */
		C968CCD6294441BA0038BE5D /* Debug */ = {
			isa = XCBuildConfiguration;
			buildSettings = {
				ALWAYS_SEARCH_USER_PATHS = NO;
				CLANG_ANALYZER_NONNULL = YES;
				CLANG_ANALYZER_NUMBER_OBJECT_CONVERSION = YES_AGGRESSIVE;
				CLANG_CXX_LANGUAGE_STANDARD = "gnu++20";
				CLANG_ENABLE_MODULES = YES;
				CLANG_ENABLE_OBJC_ARC = YES;
				CLANG_ENABLE_OBJC_WEAK = YES;
				CLANG_WARN_BLOCK_CAPTURE_AUTORELEASING = YES;
				CLANG_WARN_BOOL_CONVERSION = YES;
				CLANG_WARN_COMMA = YES;
				CLANG_WARN_CONSTANT_CONVERSION = YES;
				CLANG_WARN_DEPRECATED_OBJC_IMPLEMENTATIONS = YES;
				CLANG_WARN_DIRECT_OBJC_ISA_USAGE = YES_ERROR;
				CLANG_WARN_DOCUMENTATION_COMMENTS = YES;
				CLANG_WARN_EMPTY_BODY = YES;
				CLANG_WARN_ENUM_CONVERSION = YES;
				CLANG_WARN_INFINITE_RECURSION = YES;
				CLANG_WARN_INT_CONVERSION = YES;
				CLANG_WARN_NON_LITERAL_NULL_CONVERSION = YES;
				CLANG_WARN_OBJC_IMPLICIT_RETAIN_SELF = YES;
				CLANG_WARN_OBJC_LITERAL_CONVERSION = YES;
				CLANG_WARN_OBJC_ROOT_CLASS = YES_ERROR;
				CLANG_WARN_QUOTED_INCLUDE_IN_FRAMEWORK_HEADER = YES;
				CLANG_WARN_RANGE_LOOP_ANALYSIS = YES;
				CLANG_WARN_STRICT_PROTOTYPES = YES;
				CLANG_WARN_SUSPICIOUS_MOVE = YES;
				CLANG_WARN_UNGUARDED_AVAILABILITY = YES_AGGRESSIVE;
				CLANG_WARN_UNREACHABLE_CODE = YES;
				CLANG_WARN__DUPLICATE_METHOD_MATCH = YES;
				COPY_PHASE_STRIP = NO;
				DEBUG_INFORMATION_FORMAT = dwarf;
				ENABLE_STRICT_OBJC_MSGSEND = YES;
				ENABLE_TESTABILITY = YES;
				GCC_C_LANGUAGE_STANDARD = gnu11;
				GCC_DYNAMIC_NO_PIC = NO;
				GCC_NO_COMMON_BLOCKS = YES;
				GCC_OPTIMIZATION_LEVEL = 0;
				GCC_PREPROCESSOR_DEFINITIONS = (
					"DEBUG=1",
					"$(inherited)",
				);
				GCC_WARN_64_TO_32_BIT_CONVERSION = YES;
				GCC_WARN_ABOUT_RETURN_TYPE = YES_ERROR;
				GCC_WARN_UNDECLARED_SELECTOR = YES;
				GCC_WARN_UNINITIALIZED_AUTOS = YES_AGGRESSIVE;
				GCC_WARN_UNUSED_FUNCTION = YES;
				GCC_WARN_UNUSED_VARIABLE = YES;
				IPHONEOS_DEPLOYMENT_TARGET = 16.1;
				MTL_ENABLE_DEBUG_INFO = INCLUDE_SOURCE;
				MTL_FAST_MATH = YES;
				ONLY_ACTIVE_ARCH = YES;
				SDKROOT = iphoneos;
				SWIFT_ACTIVE_COMPILATION_CONDITIONS = DEBUG;
				SWIFT_OPTIMIZATION_LEVEL = "-Onone";
			};
			name = Debug;
		};
		C968CCD7294441BA0038BE5D /* Release */ = {
			isa = XCBuildConfiguration;
			buildSettings = {
				ALWAYS_SEARCH_USER_PATHS = NO;
				CLANG_ANALYZER_NONNULL = YES;
				CLANG_ANALYZER_NUMBER_OBJECT_CONVERSION = YES_AGGRESSIVE;
				CLANG_CXX_LANGUAGE_STANDARD = "gnu++20";
				CLANG_ENABLE_MODULES = YES;
				CLANG_ENABLE_OBJC_ARC = YES;
				CLANG_ENABLE_OBJC_WEAK = YES;
				CLANG_WARN_BLOCK_CAPTURE_AUTORELEASING = YES;
				CLANG_WARN_BOOL_CONVERSION = YES;
				CLANG_WARN_COMMA = YES;
				CLANG_WARN_CONSTANT_CONVERSION = YES;
				CLANG_WARN_DEPRECATED_OBJC_IMPLEMENTATIONS = YES;
				CLANG_WARN_DIRECT_OBJC_ISA_USAGE = YES_ERROR;
				CLANG_WARN_DOCUMENTATION_COMMENTS = YES;
				CLANG_WARN_EMPTY_BODY = YES;
				CLANG_WARN_ENUM_CONVERSION = YES;
				CLANG_WARN_INFINITE_RECURSION = YES;
				CLANG_WARN_INT_CONVERSION = YES;
				CLANG_WARN_NON_LITERAL_NULL_CONVERSION = YES;
				CLANG_WARN_OBJC_IMPLICIT_RETAIN_SELF = YES;
				CLANG_WARN_OBJC_LITERAL_CONVERSION = YES;
				CLANG_WARN_OBJC_ROOT_CLASS = YES_ERROR;
				CLANG_WARN_QUOTED_INCLUDE_IN_FRAMEWORK_HEADER = YES;
				CLANG_WARN_RANGE_LOOP_ANALYSIS = YES;
				CLANG_WARN_STRICT_PROTOTYPES = YES;
				CLANG_WARN_SUSPICIOUS_MOVE = YES;
				CLANG_WARN_UNGUARDED_AVAILABILITY = YES_AGGRESSIVE;
				CLANG_WARN_UNREACHABLE_CODE = YES;
				CLANG_WARN__DUPLICATE_METHOD_MATCH = YES;
				COPY_PHASE_STRIP = NO;
				DEBUG_INFORMATION_FORMAT = "dwarf-with-dsym";
				ENABLE_NS_ASSERTIONS = NO;
				ENABLE_STRICT_OBJC_MSGSEND = YES;
				GCC_C_LANGUAGE_STANDARD = gnu11;
				GCC_NO_COMMON_BLOCKS = YES;
				GCC_WARN_64_TO_32_BIT_CONVERSION = YES;
				GCC_WARN_ABOUT_RETURN_TYPE = YES_ERROR;
				GCC_WARN_UNDECLARED_SELECTOR = YES;
				GCC_WARN_UNINITIALIZED_AUTOS = YES_AGGRESSIVE;
				GCC_WARN_UNUSED_FUNCTION = YES;
				GCC_WARN_UNUSED_VARIABLE = YES;
				IPHONEOS_DEPLOYMENT_TARGET = 16.1;
				MTL_ENABLE_DEBUG_INFO = NO;
				MTL_FAST_MATH = YES;
				SDKROOT = iphoneos;
				SWIFT_COMPILATION_MODE = wholemodule;
				SWIFT_OPTIMIZATION_LEVEL = "-O";
				VALIDATE_PRODUCT = YES;
			};
			name = Release;
		};
		C968CCD9294441BA0038BE5D /* Debug */ = {
			isa = XCBuildConfiguration;
			buildSettings = {
				ASSETCATALOG_COMPILER_APPICON_NAME = AppIcon;
				ASSETCATALOG_COMPILER_GLOBAL_ACCENT_COLOR_NAME = AccentColor;
				CODE_SIGN_STYLE = Automatic;
				CURRENT_PROJECT_VERSION = 1;
				GENERATE_INFOPLIST_FILE = YES;
				INFOPLIST_FILE = ayush123/Info.plist;
				INFOPLIST_KEY_UIApplicationSupportsIndirectInputEvents = YES;
				INFOPLIST_KEY_UILaunchStoryboardName = LaunchScreen;
				INFOPLIST_KEY_UIMainStoryboardFile = Main;
				INFOPLIST_KEY_UISupportedInterfaceOrientations_iPad = "UIInterfaceOrientationPortrait UIInterfaceOrientationPortraitUpsideDown UIInterfaceOrientationLandscapeLeft UIInterfaceOrientationLandscapeRight";
				INFOPLIST_KEY_UISupportedInterfaceOrientations_iPhone = "UIInterfaceOrientationPortrait UIInterfaceOrientationLandscapeLeft UIInterfaceOrientationLandscapeRight";
				LD_RUNPATH_SEARCH_PATHS = (
					"$(inherited)",
					"@executable_path/Frameworks",
				);
				MARKETING_VERSION = 1.0;
				PRODUCT_BUNDLE_IDENTIFIER = "mba-chai-wala.ayush123";
				PRODUCT_NAME = "$(TARGET_NAME)";
				SWIFT_EMIT_LOC_STRINGS = YES;
				SWIFT_VERSION = 5.0;
				TARGETED_DEVICE_FAMILY = "1,2";
			};
			name = Debug;
		};
		C968CCDA294441BA0038BE5D /* Release */ = {
			isa = XCBuildConfiguration;
			buildSettings = {
				ASSETCATALOG_COMPILER_APPICON_NAME = AppIcon;
				ASSETCATALOG_COMPILER_GLOBAL_ACCENT_COLOR_NAME = AccentColor;
				CODE_SIGN_STYLE = Automatic;
				CURRENT_PROJECT_VERSION = 1;
				GENERATE_INFOPLIST_FILE = YES;
				INFOPLIST_FILE = ayush123/Info.plist;
				INFOPLIST_KEY_UIApplicationSupportsIndirectInputEvents = YES;
				INFOPLIST_KEY_UILaunchStoryboardName = LaunchScreen;
				INFOPLIST_KEY_UIMainStoryboardFile = Main;
				INFOPLIST_KEY_UISupportedInterfaceOrientations_iPad = "UIInterfaceOrientationPortrait UIInterfaceOrientationPortraitUpsideDown UIInterfaceOrientationLandscapeLeft UIInterfaceOrientationLandscapeRight";
				INFOPLIST_KEY_UISupportedInterfaceOrientations_iPhone = "UIInterfaceOrientationPortrait UIInterfaceOrientationLandscapeLeft UIInterfaceOrientationLandscapeRight";
				LD_RUNPATH_SEARCH_PATHS = (
					"$(inherited)",
					"@executable_path/Frameworks",
				);
				MARKETING_VERSION = 1.0;
				PRODUCT_BUNDLE_IDENTIFIER = "mba-chai-wala.ayush123";
				PRODUCT_NAME = "$(TARGET_NAME)";
				SWIFT_EMIT_LOC_STRINGS = YES;
				SWIFT_VERSION = 5.0;
				TARGETED_DEVICE_FAMILY = "1,2";
			};
			name = Release;
		};
		C968CCDC294441BA0038BE5D /* Debug */ = {
			isa = XCBuildConfiguration;
			buildSettings = {
				ALWAYS_EMBED_SWIFT_STANDARD_LIBRARIES = YES;
				BUNDLE_LOADER = "$(TEST_HOST)";
				CODE_SIGN_STYLE = Automatic;
				CURRENT_PROJECT_VERSION = 1;
				GENERATE_INFOPLIST_FILE = YES;
				IPHONEOS_DEPLOYMENT_TARGET = 16.1;
				MARKETING_VERSION = 1.0;
				PRODUCT_BUNDLE_IDENTIFIER = "mba-chai-wala.ayush123Tests";
				PRODUCT_NAME = "$(TARGET_NAME)";
				SWIFT_EMIT_LOC_STRINGS = NO;
				SWIFT_VERSION = 5.0;
				TARGETED_DEVICE_FAMILY = "1,2";
				TEST_HOST = "$(BUILT_PRODUCTS_DIR)/ayush123.app/$(BUNDLE_EXECUTABLE_FOLDER_PATH)/ayush123";
			};
			name = Debug;
		};
		C968CCDD294441BA0038BE5D /* Release */ = {
			isa = XCBuildConfiguration;
			buildSettings = {
				ALWAYS_EMBED_SWIFT_STANDARD_LIBRARIES = YES;
				BUNDLE_LOADER = "$(TEST_HOST)";
				CODE_SIGN_STYLE = Automatic;
				CURRENT_PROJECT_VERSION = 1;
				GENERATE_INFOPLIST_FILE = YES;
				IPHONEOS_DEPLOYMENT_TARGET = 16.1;
				MARKETING_VERSION = 1.0;
				PRODUCT_BUNDLE_IDENTIFIER = "mba-chai-wala.ayush123Tests";
				PRODUCT_NAME = "$(TARGET_NAME)";
				SWIFT_EMIT_LOC_STRINGS = NO;
				SWIFT_VERSION = 5.0;
				TARGETED_DEVICE_FAMILY = "1,2";
				TEST_HOST = "$(BUILT_PRODUCTS_DIR)/ayush123.app/$(BUNDLE_EXECUTABLE_FOLDER_PATH)/ayush123";
			};
			name = Release;
		};
		C968CCDF294441BA0038BE5D /* Debug */ = {
			isa = XCBuildConfiguration;
			buildSettings = {
				ALWAYS_EMBED_SWIFT_STANDARD_LIBRARIES = YES;
				CODE_SIGN_STYLE = Automatic;
				CURRENT_PROJECT_VERSION = 1;
				GENERATE_INFOPLIST_FILE = YES;
				MARKETING_VERSION = 1.0;
				PRODUCT_BUNDLE_IDENTIFIER = "mba-chai-wala.ayush123UITests";
				PRODUCT_NAME = "$(TARGET_NAME)";
				SWIFT_EMIT_LOC_STRINGS = NO;
				SWIFT_VERSION = 5.0;
				TARGETED_DEVICE_FAMILY = "1,2";
				TEST_TARGET_NAME = ayush123;
			};
			name = Debug;
		};
		C968CCE0294441BA0038BE5D /* Release */ = {
			isa = XCBuildConfiguration;
			buildSettings = {
				ALWAYS_EMBED_SWIFT_STANDARD_LIBRARIES = YES;
				CODE_SIGN_STYLE = Automatic;
				CURRENT_PROJECT_VERSION = 1;
				GENERATE_INFOPLIST_FILE = YES;
				MARKETING_VERSION = 1.0;
				PRODUCT_BUNDLE_IDENTIFIER = "mba-chai-wala.ayush123UITests";
				PRODUCT_NAME = "$(TARGET_NAME)";
				SWIFT_EMIT_LOC_STRINGS = NO;
				SWIFT_VERSION = 5.0;
				TARGETED_DEVICE_FAMILY = "1,2";
				TEST_TARGET_NAME = ayush123;
			};
			name = Release;
		};
/* End XCBuildConfiguration section */

/* Begin XCConfigurationList section */
		C968CCA9294441B90038BE5D /* Build configuration list for PBXProject "ayush123" */ = {
			isa = XCConfigurationList;
			buildConfigurations = (
				C968CCD6294441BA0038BE5D /* Debug */,
				C968CCD7294441BA0038BE5D /* Release */,
			);
			defaultConfigurationIsVisible = 0;
			defaultConfigurationName = Release;
		};
		C968CCD8294441BA0038BE5D /* Build configuration list for PBXNativeTarget "ayush123" */ = {
			isa = XCConfigurationList;
			buildConfigurations = (
				C968CCD9294441BA0038BE5D /* Debug */,
				C968CCDA294441BA0038BE5D /* Release */,
			);
			defaultConfigurationIsVisible = 0;
			defaultConfigurationName = Release;
		};
		C968CCDB294441BA0038BE5D /* Build configuration list for PBXNativeTarget "ayush123Tests" */ = {
			isa = XCConfigurationList;
			buildConfigurations = (
				C968CCDC294441BA0038BE5D /* Debug */,
				C968CCDD294441BA0038BE5D /* Release */,
			);
			defaultConfigurationIsVisible = 0;
			defaultConfigurationName = Release;
		};
		C968CCDE294441BA0038BE5D /* Build configuration list for PBXNativeTarget "ayush123UITests" */ = {
			isa = XCConfigurationList;
			buildConfigurations = (
				C968CCDF294441BA0038BE5D /* Debug */,
				C968CCE0294441BA0038BE5D /* Release */,
			);
			defaultConfigurationIsVisible = 0;
			defaultConfigurationName = Release;
		};
/* End XCConfigurationList section */
	};
	rootObject = C968CCA6294441B90038BE5D /* Project object */;
}
